{
  "name": "bpmn",
  "version": "1.0.0",
  "lockfileVersion": 2,
  "requires": true,
  "packages": {
    "": {
      "name": "bpmn",
      "version": "1.0.0",
      "license": "ISC",
      "dependencies": {
        "bpmn-engine": "^17.1.1",
        "bpmn-moddle": "^8.0.1",
        "camunda-bpmn-moddle": "^7.0.1",
        "min-dash": "^4.1.1"
      }
    },
    "node_modules/@types/bpmn-moddle": {
      "version": "5.1.6",
      "resolved": "https://registry.npmmirror.com/@types/bpmn-moddle/-/bpmn-moddle-5.1.6.tgz",
      "integrity": "sha512-bPM7kJlIhhMA0IQbZxfSSYoJ4Wm+1VHnNVvQ4k+ZZqwrJXRIW4fruP/wx0QbWJ3JbGNwDEWrLc8C//d0bQxWcg=="
    },
    "node_modules/bpmn-elements": {
      "version": "11.1.1",
      "resolved": "https://registry.npmmirror.com/bpmn-elements/-/bpmn-elements-11.1.1.tgz",
      "integrity": "sha512-IbJseZrVGPtZyP+h5S2CBhu0c1YOYlBxdrb6WSuB5M5qzsYOMIdD/d4fJ8Z5fiOTLd8SS9THkke5MHqU3e2mDw==",
      "dependencies": {
        "smqp": "^8.0.0"
      }
    },
    "node_modules/bpmn-engine": {
      "version": "17.1.1",
      "resolved": "https://registry.npmmirror.com/bpmn-engine/-/bpmn-engine-17.1.1.tgz",
      "integrity": "sha512-Hcle8mzGLYtZEuXBjbc+JgXBK1+MfRZgzVJ6KTu1vk3R5mr8tN+t06AZ3au1C847OmGBcFeQ/dhkhMjj7f8mzQ==",
      "dependencies": {
        "@types/bpmn-moddle": "^5.1.6",
        "bpmn-elements": "^11.1.1",
        "bpmn-moddle": "^8.0.1",
        "debug": "^4.3.4",
        "moddle-context-serializer": "^4.0.0",
        "smqp": "^8.0.0"
      },
      "engines": {
        "node": ">=14"
      }
    },
    "node_modules/bpmn-moddle": {
      "version": "8.0.1",
      "resolved": "https://registry.npmmirror.com/bpmn-moddle/-/bpmn-moddle-8.0.1.tgz",
      "integrity": "sha512-mwZcrWhi52+JH5Oq58WwKYcUxQ1ZMiDQuzt1bpqiqEEFFnQLqCgtLwEXQuDXFmAuQPdMAghyPzqdOZQqIQVesw==",
      "dependencies": {
        "min-dash": "^4.0.0",
        "moddle": "^6.0.0",
        "moddle-xml": "^10.0.0"
      }
    },
    "node_modules/camunda-bpmn-moddle": {
      "version": "7.0.1",
      "resolved": "https://registry.npmmirror.com/camunda-bpmn-moddle/-/camunda-bpmn-moddle-7.0.1.tgz",
      "integrity": "sha512-Br8Diu6roMpziHdpl66Dhnm0DTnCFMrSD9zwLV08LpD52QA0UsXxU87XfHf08HjuB7ly0Hd1bvajZRpf9hbmYQ=="
    },
    "node_modules/debug": {
      "version": "4.3.4",
      "resolved": "https://registry.npmmirror.com/debug/-/debug-4.3.4.tgz",
      "integrity": "sha512-PRWFHuSU3eDtQJPvnNY7Jcket1j0t5OuOsFzPPzsekD52Zl8qUfFIPEiswXqIvHWGVHOgX+7G/vCNNhehwxfkQ==",
      "dependencies": {
        "ms": "2.1.2"
      },
      "engines": {
        "node": ">=6.0"
      },
      "peerDependenciesMeta": {
        "supports-color": {
          "optional": true
        }
      }
    },
    "node_modules/min-dash": {
      "version": "4.1.1",
      "resolved": "https://registry.npmmirror.com/min-dash/-/min-dash-4.1.1.tgz",
      "integrity": "sha512-r+Z6vxXLSGr+otyCPx9NKPCSixw7LdfZREPTmqfd2a/d5D6w4NCdOxRJs+HyFO6v2pQkyHroGSiINWECK+OWPg=="
    },
    "node_modules/moddle": {
      "version": "6.2.3",
      "resolved": "https://registry.npmmirror.com/moddle/-/moddle-6.2.3.tgz",
      "integrity": "sha512-bLVN+ZHL3aKnhxc19XtjUfvdJsS3EsiEJC7bT6YPD11qYmTzvsxrGgyYz1Ouof7TZuGw0lDJ1OLmEnxcpQWk3Q==",
      "dependencies": {
        "min-dash": "^4.0.0"
      }
    },
    "node_modules/moddle-context-serializer": {
      "version": "4.1.0",
      "resolved": "https://registry.npmmirror.com/moddle-context-serializer/-/moddle-context-serializer-4.1.0.tgz",
      "integrity": "sha512-R9MqEovrhF4ZupAAjocF1+a4HJpl20cdwxFh8o6neQ+YD3IWaxLhAQaFH/WwNRYOBYbylz9Fmz9R6mC8c09dDA==",
      "peerDependencies": {
        "bpmn-moddle": ">=6"
      }
    },
    "node_modules/moddle-xml": {
      "version": "10.1.0",
      "resolved": "https://registry.npmmirror.com/moddle-xml/-/moddle-xml-10.1.0.tgz",
      "integrity": "sha512-erWckwLt+dYskewKXJso9u+aAZ5172lOiYxSOqKCPTy7L/xmqH1PoeoA7eVC7oJTt3PqF5TkZzUmbjGH6soQBg==",
      "dependencies": {
        "min-dash": "^4.0.0",
        "moddle": "^6.0.0",
        "saxen": "^8.1.2"
      }
    },
    "node_modules/ms": {
      "version": "2.1.2",
      "resolved": "https://registry.npmmirror.com/ms/-/ms-2.1.2.tgz",
      "integrity": "sha512-sGkPx+VjMtmA6MX27oA4FBFELFCZZ4S4XqeGOXCv68tT+jb3vk/RyaKWP0PTKyWtmLSM0b+adUTEvbs1PEaH2w=="
    },
    "node_modules/saxen": {
      "version": "8.1.2",
      "resolved": "https://registry.npmmirror.com/saxen/-/saxen-8.1.2.tgz",
      "integrity": "sha512-xUOiiFbc3Ow7p8KMxwsGICPx46ZQvy3+qfNVhrkwfz3Vvq45eGt98Ft5IQaA1R/7Tb5B5MKh9fUR9x3c3nDTxw=="
    },
    "node_modules/smqp": {
      "version": "8.2.0",
      "resolved": "https://registry.npmmirror.com/smqp/-/smqp-8.2.0.tgz",
      "integrity": "sha512-4E/+yNYRrZEsn35OBXxyc6Fk/zoQSp8XZlS1/Gc6HvB60R1vtDvaQO8/8nzGaLNrrWBFXBKlYPry93HMY8O7Zg=="
    }
  },
  "dependencies": {
    "@types/bpmn-moddle": {
      "version": "5.1.6",
      "resolved": "https://registry.npmmirror.com/@types/bpmn-moddle/-/bpmn-moddle-5.1.6.tgz",
      "integrity": "sha512-bPM7kJlIhhMA0IQbZxfSSYoJ4Wm+1VHnNVvQ4k+ZZqwrJXRIW4fruP/wx0QbWJ3JbGNwDEWrLc8C//d0bQxWcg=="
    },
    "bpmn-elements": {
      "version": "11.1.1",
      "resolved": "https://registry.npmmirror.com/bpmn-elements/-/bpmn-elements-11.1.1.tgz",
      "integrity": "sha512-IbJseZrVGPtZyP+h5S2CBhu0c1YOYlBxdrb6WSuB5M5qzsYOMIdD/d4fJ8Z5fiOTLd8SS9THkke5MHqU3e2mDw==",
      "requires": {
        "smqp": "^8.0.0"
      }
    },
    "bpmn-engine": {
      "version": "17.1.1",
      "resolved": "https://registry.npmmirror.com/bpmn-engine/-/bpmn-engine-17.1.1.tgz",
      "integrity": "sha512-Hcle8mzGLYtZEuXBjbc+JgXBK1+MfRZgzVJ6KTu1vk3R5mr8tN+t06AZ3au1C847OmGBcFeQ/dhkhMjj7f8mzQ==",
      "requires": {
        "@types/bpmn-moddle": "^5.1.6",
        "bpmn-elements": "^11.1.1",
        "bpmn-moddle": "^8.0.1",
        "debug": "^4.3.4",
        "moddle-context-serializer": "^4.0.0",
        "smqp": "^8.0.0"
      }
    },
    "bpmn-moddle": {
      "version": "8.0.1",
      "resolved": "https://registry.npmmirror.com/bpmn-moddle/-/bpmn-moddle-8.0.1.tgz",
      "integrity": "sha512-mwZcrWhi52+JH5Oq58WwKYcUxQ1ZMiDQuzt1bpqiqEEFFnQLqCgtLwEXQuDXFmAuQPdMAghyPzqdOZQqIQVesw==",
      "requires": {
        "min-dash": "^4.0.0",
        "moddle": "^6.0.0",
        "moddle-xml": "^10.0.0"
      }
    },
    "camunda-bpmn-moddle": {
      "version": "7.0.1",
      "resolved": "https://registry.npmmirror.com/camunda-bpmn-moddle/-/camunda-bpmn-moddle-7.0.1.tgz",
      "integrity": "sha512-Br8Diu6roMpziHdpl66Dhnm0DTnCFMrSD9zwLV08LpD52QA0UsXxU87XfHf08HjuB7ly0Hd1bvajZRpf9hbmYQ=="
    },
    "debug": {
      "version": "4.3.4",
      "resolved": "https://registry.npmmirror.com/debug/-/debug-4.3.4.tgz",
      "integrity": "sha512-PRWFHuSU3eDtQJPvnNY7Jcket1j0t5OuOsFzPPzsekD52Zl8qUfFIPEiswXqIvHWGVHOgX+7G/vCNNhehwxfkQ==",
      "requires": {
        "ms": "2.1.2"
      }
    },
    "min-dash": {
      "version": "4.1.1",
      "resolved": "https://registry.npmmirror.com/min-dash/-/min-dash-4.1.1.tgz",
      "integrity": "sha512-r+Z6vxXLSGr+otyCPx9NKPCSixw7LdfZREPTmqfd2a/d5D6w4NCdOxRJs+HyFO6v2pQkyHroGSiINWECK+OWPg=="
    },
    "moddle": {
      "version": "6.2.3",
      "resolved": "https://registry.npmmirror.com/moddle/-/moddle-6.2.3.tgz",
      "integrity": "sha512-bLVN+ZHL3aKnhxc19XtjUfvdJsS3EsiEJC7bT6YPD11qYmTzvsxrGgyYz1Ouof7TZuGw0lDJ1OLmEnxcpQWk3Q==",
      "requires": {
        "min-dash": "^4.0.0"
      }
    },
    "moddle-context-serializer": {
      "version": "4.1.0",
      "resolved": "https://registry.npmmirror.com/moddle-context-serializer/-/moddle-context-serializer-4.1.0.tgz",
      "integrity": "sha512-R9MqEovrhF4ZupAAjocF1+a4HJpl20cdwxFh8o6neQ+YD3IWaxLhAQaFH/WwNRYOBYbylz9Fmz9R6mC8c09dDA==",
      "requires": {}
    },
    "moddle-xml": {
      "version": "10.1.0",
      "resolved": "https://registry.npmmirror.com/moddle-xml/-/moddle-xml-10.1.0.tgz",
      "integrity": "sha512-erWckwLt+dYskewKXJso9u+aAZ5172lOiYxSOqKCPTy7L/xmqH1PoeoA7eVC7oJTt3PqF5TkZzUmbjGH6soQBg==",
      "requires": {
        "min-dash": "^4.0.0",
        "moddle": "^6.0.0",
        "saxen": "^8.1.2"
      }
    },
    "ms": {
      "version": "2.1.2",
      "resolved": "https://registry.npmmirror.com/ms/-/ms-2.1.2.tgz",
      "integrity": "sha512-sGkPx+VjMtmA6MX27oA4FBFELFCZZ4S4XqeGOXCv68tT+jb3vk/RyaKWP0PTKyWtmLSM0b+adUTEvbs1PEaH2w=="
    },
    "saxen": {
      "version": "8.1.2",
      "resolved": "https://registry.npmmirror.com/saxen/-/saxen-8.1.2.tgz",
      "integrity": "sha512-xUOiiFbc3Ow7p8KMxwsGICPx46ZQvy3+qfNVhrkwfz3Vvq45eGt98Ft5IQaA1R/7Tb5B5MKh9fUR9x3c3nDTxw=="
    },
    "smqp": {
      "version": "8.2.0",
      "resolved": "https://registry.npmmirror.com/smqp/-/smqp-8.2.0.tgz",
      "integrity": "sha512-4E/+yNYRrZEsn35OBXxyc6Fk/zoQSp8XZlS1/Gc6HvB60R1vtDvaQO8/8nzGaLNrrWBFXBKlYPry93HMY8O7Zg=="
    }
  }
}
